# THIS IS AN AUTOGENERATED FILE. DO NOT EDIT THIS FILE DIRECTLY.
# yarn lockfile v1


"@swc-node/core@^1.9.1":
  version "1.9.1"
  resolved "https://registry.yarnpkg.com/@swc-node/core/-/core-1.9.1.tgz#f86d6be5f97beaff91786f0266734ec85e8456c7"
  integrity sha512-Mh4T/PmQOpPtqw1BNvU38uWzsXbd5RJji17YBXnj7JDDE5KlTR9sSo2RKxWKDVtHbdcD1S+CtyZXA93aEWlfGQ==

"@swc-node/register@^1.5.4":
  version "1.5.4"
  resolved "https://registry.yarnpkg.com/@swc-node/register/-/register-1.5.4.tgz#16b3f9bb94bf29dea87c4c4ef3799883d2462912"
  integrity sha512-cM5/A63bO6qLUFC4gcBnOlQO5yd8ObSdFUIp7sXf11Oq5mPVAnJy2DqjbWMUsqUaHuNk+lOIt76ie4DEseUIyA==
  dependencies:
    "@swc-node/core" "^1.9.1"
    "@swc-node/sourcemap-support" "^0.2.2"
    colorette "^2.0.19"
    debug "^4.3.4"
    pirates "^4.0.5"
    tslib "^2.4.0"

"@swc-node/sourcemap-support@^0.2.2":
  version "0.2.2"
  resolved "https://registry.yarnpkg.com/@swc-node/sourcemap-support/-/sourcemap-support-0.2.2.tgz#6718d1ef3f4159c571b331cd4c20096a998cd385"
  integrity sha512-PA4p7nC5LwPdEVcQXFxMTpfvizYPeMoB55nIIx+yC3FiLnyPgC2hcpUitPy5h8RRGdCZ/Mvb2ryEcVYS8nI6YA==
  dependencies:
    source-map-support "^0.5.21"
    tslib "^2.4.0"

"@swc/core-darwin-arm64@1.3.20":
  version "1.3.20"
  resolved "https://registry.yarnpkg.com/@swc/core-darwin-arm64/-/core-darwin-arm64-1.3.20.tgz#e713ed63ef7b8096fb820b7cbd5aa776e824431f"
  integrity sha512-ZLk5oVP4v/BAdC3FuBuyB0xpnkZStblIajiyo/kpp/7mq3YbABhOxTCUJGDozISbkaZlIZFXjqvHHnIS42tssw==

"@swc/core-darwin-x64@1.3.20":
  version "1.3.20"
  resolved "https://registry.yarnpkg.com/@swc/core-darwin-x64/-/core-darwin-x64-1.3.20.tgz#8f8fe3562da7472be87346ae4a6c1919705b5b9b"
  integrity sha512-yM11/3n8PwougalAi9eWkz1r5QRDAg1qdXMSCn7sWlVGr0RvdPL20viKddm38yn+X3FzZzgdoajh7NGfEeqCIQ==

"@swc/core-linux-arm-gnueabihf@1.3.20":
  version "1.3.20"
  resolved "https://registry.yarnpkg.com/@swc/core-linux-arm-gnueabihf/-/core-linux-arm-gnueabihf-1.3.20.tgz#3fa68f374f04e9331b3aa7ba1cdc4d59a1cb9cd8"
  integrity sha512-Y8YX7Ma7/xdvCR+hwqhU2lNKF7Qevlx3qZ+eGEpz2fP6k5iu8C5arUBjFWdC2OTY11OuD00TH43TgYfbWpU/Sw==

"@swc/core-linux-arm64-gnu@1.3.20":
  version "1.3.20"
  resolved "https://registry.yarnpkg.com/@swc/core-linux-arm64-gnu/-/core-linux-arm64-gnu-1.3.20.tgz#998adffd8d21b63ce6b447cbcc3fa1fae0c2c5d1"
  integrity sha512-XCjQj4zo2T4QIqxVgzXkKxTLw4adqMgFG2iXBRRu1kOZXJor7Yzc0wH0B4rGtlkcZnh57MBbo+N1TNzH1leSFw==

"@swc/core-linux-arm64-musl@1.3.20":
  version "1.3.20"
  resolved "https://registry.yarnpkg.com/@swc/core-linux-arm64-musl/-/core-linux-arm64-musl-1.3.20.tgz#cb22719d615cd42ab9d89192ead228b2be983238"
  integrity sha512-f+fIixoNNaDjmHX0kJn8Lm1Z+CJPHqcYocGaPrXETRAv+8F3Q0rUtxO9FhDKtsG4pI6HRLmS5nBQtBBJWOmfvw==

"@swc/core-linux-x64-gnu@1.3.20":
  version "1.3.20"
  resolved "https://registry.yarnpkg.com/@swc/core-linux-x64-gnu/-/core-linux-x64-gnu-1.3.20.tgz#0090804c384ea343f8a39bbeee7a46d93cada714"
  integrity sha512-F5TKwsZh3F7CzfYoTAiNwhZazQ02NCgFZSqSwO4lOYbT7RU+zXI3OfLoi2R8f0dzfqh26QSdeeMFPdMb3LpzXg==

"@swc/core-linux-x64-musl@1.3.20":
  version "1.3.20"
  resolved "https://registry.yarnpkg.com/@swc/core-linux-x64-musl/-/core-linux-x64-musl-1.3.20.tgz#64ed5e489f0bcde67aae973bca5eb94ab16fa8d8"
  integrity sha512-svbrCeaWU2N9saeg5yKZ2aQh+eYE6vW7y+ptZHgLIriuhnelg38mNqNjKK9emhshUNqOPLFJbW8kA1P+jOyyLw==

"@swc/core-win32-arm64-msvc@1.3.20":
  version "1.3.20"
  resolved "https://registry.yarnpkg.com/@swc/core-win32-arm64-msvc/-/core-win32-arm64-msvc-1.3.20.tgz#1a0c27cca7a43932fd123d699e67741f9cc73129"
  integrity sha512-rFrC8JtVlnyfj5wTAIMvNWqPv0KXUA8/TmEKUlg7jgF/IweFPOFvF509tiAstz16Ui2JKL9xaA566/I+XLd+og==

"@swc/core-win32-ia32-msvc@1.3.20":
  version "1.3.20"
  resolved "https://registry.yarnpkg.com/@swc/core-win32-ia32-msvc/-/core-win32-ia32-msvc-1.3.20.tgz#7873119494214fdc079be4aba17e7851261833e7"
  integrity sha512-xIkBDw0Rd0G0SQ/g9FOUqrcmwcq/Iy7ScBQVV/NzziIGIUlrj9l4nYe3VyoMEH2lwAcyGo9AxwiNB0vq6vDjiQ==

"@swc/core-win32-x64-msvc@1.3.20":
  version "1.3.20"
  resolved "https://registry.yarnpkg.com/@swc/core-win32-x64-msvc/-/core-win32-x64-msvc-1.3.20.tgz#21b03ea39ea3e2af1a88fa35c0e7ae49adc89d87"
  integrity sha512-1/vxiNasPvpCnVdMxGXEXYhRI65l7yNg/AQ9fYLQn3O5ouWJcd60+6ZoeVrnR5i/R87Fyu/A9fMhOJuOKLHXmA==

"@swc/core@^1.3.20":
  version "1.3.20"
  resolved "https://registry.yarnpkg.com/@swc/core/-/core-1.3.20.tgz#1a290a3020cc272ea57f784e7d7669733b25eda2"
  integrity sha512-wSuy5mFTbAPYGlo1DGWkTbXwUubpyYxY2Sf10Y861c4EPtwK7D1nbj35Zg0bsIQvcFG5Y2Q4sXNV5QpsnT0+1A==
  optionalDependencies:
    "@swc/core-darwin-arm64" "1.3.20"
    "@swc/core-darwin-x64" "1.3.20"
    "@swc/core-linux-arm-gnueabihf" "1.3.20"
    "@swc/core-linux-arm64-gnu" "1.3.20"
    "@swc/core-linux-arm64-musl" "1.3.20"
    "@swc/core-linux-x64-gnu" "1.3.20"
    "@swc/core-linux-x64-musl" "1.3.20"
    "@swc/core-win32-arm64-msvc" "1.3.20"
    "@swc/core-win32-ia32-msvc" "1.3.20"
    "@swc/core-win32-x64-msvc" "1.3.20"

"@types/node@^18.11.9":
  version "18.11.9"
  resolved "https://registry.yarnpkg.com/@types/node/-/node-18.11.9.tgz#02d013de7058cea16d36168ef2fc653464cfbad4"
  integrity sha512-CRpX21/kGdzjOpFsZSkcrXMGIBWMGNIHXXBVFSH+ggkftxg+XYP20TESbh+zFvFj3EQOl5byk0HTRn1IL6hbqg==

"@types/pegjs@^0.10.3":
  version "0.10.3"
  resolved "https://registry.yarnpkg.com/@types/pegjs/-/pegjs-0.10.3.tgz#9e254036c6bf2254cd98caec447a1d79b6607bff"
  integrity sha512-C/ZkUNe7HONOaDHXfNTZOUzrOvOgrWdrJj1JZ3QTEPi5gOIygcjCpXyxpdJTKVvWFzbobajRbMbQY8d0WrZ6fg==

buffer-from@^1.0.0:
  version "1.1.2"
  resolved "https://registry.yarnpkg.com/buffer-from/-/buffer-from-1.1.2.tgz#2b146a6fd72e80b4f55d255f35ed59a3a9a41bd5"
  integrity sha512-E+XQCRwSbaaiChtv6k6Dwgc+bx+Bs6vuKJHHl5kox/BaKbhiXzqQOwK4cO22yElGp2OCmjwVhT3HmxgyPGnJfQ==

colorette@^2.0.19:
  version "2.0.19"
  resolved "https://registry.yarnpkg.com/colorette/-/colorette-2.0.19.tgz#cdf044f47ad41a0f4b56b3a0d5b4e6e1a2d5a798"
  integrity sha512-3tlv/dIP7FWvj3BsbHrGLJ6l/oKh1O3TcgBqMn+yyCagOxc23fyzDS6HypQbgxWbkpDnf52p1LuR4eWDQ/K9WQ==

debug@^4.3.4:
  version "4.3.4"
  resolved "https://registry.yarnpkg.com/debug/-/debug-4.3.4.tgz#1319f6579357f2338d3337d2cdd4914bb5dcc865"
  integrity sha512-PRWFHuSU3eDtQJPvnNY7Jcket1j0t5OuOsFzPPzsekD52Zl8qUfFIPEiswXqIvHWGVHOgX+7G/vCNNhehwxfkQ==
  dependencies:
    ms "2.1.2"

ms@2.1.2:
  version "2.1.2"
  resolved "https://registry.yarnpkg.com/ms/-/ms-2.1.2.tgz#d09d1f357b443f493382a8eb3ccd183872ae6009"
  integrity sha512-sGkPx+VjMtmA6MX27oA4FBFELFCZZ4S4XqeGOXCv68tT+jb3vk/RyaKWP0PTKyWtmLSM0b+adUTEvbs1PEaH2w==

pegjs@^0.10.0:
  version "0.10.0"
  resolved "https://registry.yarnpkg.com/pegjs/-/pegjs-0.10.0.tgz#cf8bafae6eddff4b5a7efb185269eaaf4610ddbd"
  integrity sha512-qI5+oFNEGi3L5HAxDwN2LA4Gg7irF70Zs25edhjld9QemOgp0CbvMtbFcMvFtEo1OityPrcCzkQFB8JP/hxgow==

pirates@^4.0.5:
  version "4.0.5"
  resolved "https://registry.yarnpkg.com/pirates/-/pirates-4.0.5.tgz#feec352ea5c3268fb23a37c702ab1699f35a5f3b"
  integrity sha512-8V9+HQPupnaXMA23c5hvl69zXvTwTzyAYasnkb0Tts4XvO4CliqONMOnvlq26rkhLC3nWDFBJf73LU1e1VZLaQ==

source-map-support@^0.5.21:
  version "0.5.21"
  resolved "https://registry.yarnpkg.com/source-map-support/-/source-map-support-0.5.21.tgz#04fe7c7f9e1ed2d662233c28cb2b35b9f63f6e4f"
  integrity sha512-uBHU3L3czsIyYXKX88fdrGovxdSCoTGDRZ6SYXtSRxLZUzHg5P/66Ht6uoUlHu9EZod+inXhKo3qQgwXUT/y1w==
  dependencies:
    buffer-from "^1.0.0"
    source-map "^0.6.0"

source-map@^0.6.0:
  version "0.6.1"
  resolved "https://registry.yarnpkg.com/source-map/-/source-map-0.6.1.tgz#74722af32e9614e9c287a8d0bbde48b5e2f1a263"
  integrity sha512-UjgapumWlbMhkBgzT7Ykc5YXUT46F0iKu8SGXq0bcwP5dz/h0Plj6enJqjz1Zbq2l5WaqYnrVbwWOWMyF3F47g==

tslib@^2.4.0:
  version "2.4.1"
  resolved "https://registry.yarnpkg.com/tslib/-/tslib-2.4.1.tgz#0d0bfbaac2880b91e22df0768e55be9753a5b17e"
  integrity sha512-tGyy4dAjRIEwI7BzsB0lynWgOpfqjUdq91XXAlIWD2OwKBH7oCl/GZG/HT4BOHrTlPMOASlMQ7veyTqpmRcrNA==

typescript@^4.9.3:
  version "4.9.3"
  resolved "https://registry.yarnpkg.com/typescript/-/typescript-4.9.3.tgz#3aea307c1746b8c384435d8ac36b8a2e580d85db"
  integrity sha512-CIfGzTelbKNEnLpLdGFgdyKhG23CKdKgQPOBc+OUNrkJ2vr+KSzsSV5kq5iWhEQbok+quxgGzrAtGWCyU7tHnA==
